
Microsoft Visual Studio Solution File, Format Version 12.00
# Visual Studio Version 16
VisualStudioVersion = 16.0.30204.135
MinimumVisualStudioVersion = 10.0.40219.1
Project("{FAE04EC0-301F-11D3-BF4B-00C04F79EFBC}") = "MapScale", "MapScale.csproj", "{1FD91EFA-923E-45FC-9CF7-896146B39187}"
EndProject
Global
	GlobalSection(SolutionConfigurationPlatforms) = preSolution
		Debug|Any CPU = Debug|Any CPU
		Release|Any CPU = Release|Any CPU
	EndGlobalSection
	GlobalSection(ProjectConfigurationPlatforms) = postSolution
		{1FD91EFA-923E-45FC-9CF7-896146B39187}.Debug|Any CPU.ActiveCfg = Debug|Any CPU
		{1FD91EFA-923E-45FC-9CF7-896146B39187}.Debug|Any CPU.Build.0 = Debug|Any CPU
		{1FD91EFA-923E-45FC-9CF7-896146B39187}.Release|Any CPU.ActiveCfg = Release|Any CPU
		{1FD91EFA-923E-45FC-9CF7-896146B39187}.Release|Any CPU.Build.0 = Release|Any CPU
	EndGlobalSection
	GlobalSection(SolutionProperties) = preSolution
		HideSolutionNode = FALSE
	EndGlobalSection
	GlobalSection(ExtensibilityGlobals) = postSolution
		SolutionGuid = {44E8D857-FBE8-49DD-B494-E7EF08C063F8}
	EndGlobalSection
EndGlobal
